{
  "name": "@m59/error-cereal",
  "version": "1.0.0",
  "lockfileVersion": 3,
  "requires": true,
  "packages": {
    "": {
      "name": "@m59/error-cereal",
      "version": "1.0.0",
      "license": "CC0-1.0",
      "devDependencies": {
        "zora": "^3.0.1"
      }
    },
    "node_modules/zora": {
      "version": "3.0.1",
      "resolved": "https://registry.npmjs.org/zora/-/zora-3.0.1.tgz",
      "integrity": "sha512-RAlYsN8t15LfeinhaXdUt3ytFqBpupm7/5vsB/IO+z/Y1drNoIW5wIokv92MN66/ne1jQY2lA0iEm6/gtREaBw==",
      "dev": true
    }
  }
}
